// !$*UTF8*$!
{
	archiveVersion = 1;
	classes = {
	};
	objectVersion = 56;
	objects = {

/* Begin PBXBuildFile section */
		760736332B94F440003B632A /* HeroLocationsToHeroAnnotationsMapper.swift in Sources */ = {isa = PBXBuildFile; fileRef = 760736322B94F440003B632A /* HeroLocationsToHeroAnnotationsMapper.swift */; };
		760736352B94F4A1003B632A /* HeroLocationsToHeroAnnotationsMapperProtocol.swift in Sources */ = {isa = PBXBuildFile; fileRef = 760736342B94F4A1003B632A /* HeroLocationsToHeroAnnotationsMapperProtocol.swift */; };
		760F7C9B2B92C10100DD2C1D /* String+FirstLetterCapitalized.swift in Sources */ = {isa = PBXBuildFile; fileRef = 760F7C9A2B92C10100DD2C1D /* String+FirstLetterCapitalized.swift */; };
		763A65702B1034D4008C0560 /* DragonBallModel.xcdatamodeld in Sources */ = {isa = PBXBuildFile; fileRef = 763A656E2B1034D4008C0560 /* DragonBallModel.xcdatamodeld */; };
		763A65722B1034E6008C0560 /* CoreDataStack.swift in Sources */ = {isa = PBXBuildFile; fileRef = 763A65712B1034E6008C0560 /* CoreDataStack.swift */; };
		763A65742B103745008C0560 /* LocalDatabaseDataSource.swift in Sources */ = {isa = PBXBuildFile; fileRef = 763A65732B103745008C0560 /* LocalDatabaseDataSource.swift */; };
		763A65762B103755008C0560 /* LocalDatabaseDataSourceProtocol.swift in Sources */ = {isa = PBXBuildFile; fileRef = 763A65752B103755008C0560 /* LocalDatabaseDataSourceProtocol.swift */; };
		763A657D2B103CEC008C0560 /* HeroDAOToDomainMapper.swift in Sources */ = {isa = PBXBuildFile; fileRef = 763A657C2B103CEC008C0560 /* HeroDAOToDomainMapper.swift */; };
		763A65802B103D5B008C0560 /* HeroToDAOMapper.swift in Sources */ = {isa = PBXBuildFile; fileRef = 763A657F2B103D5B008C0560 /* HeroToDAOMapper.swift */; };
		763A65832B103D6C008C0560 /* HeroToDAOMapperProtocol.swift in Sources */ = {isa = PBXBuildFile; fileRef = 763A65822B103D6C008C0560 /* HeroToDAOMapperProtocol.swift */; };
		763A65852B103E5D008C0560 /* HeroDAOToDomainMapperProtocol.swift in Sources */ = {isa = PBXBuildFile; fileRef = 763A65842B103E5D008C0560 /* HeroDAOToDomainMapperProtocol.swift */; };
		7648447F2B0D794A007DD0C4 /* DragonBallRepository.swift in Sources */ = {isa = PBXBuildFile; fileRef = 7648447E2B0D794A007DD0C4 /* DragonBallRepository.swift */; };
		764844812B0D7956007DD0C4 /* DragonBallRepositoryProtocol.swift in Sources */ = {isa = PBXBuildFile; fileRef = 764844802B0D7956007DD0C4 /* DragonBallRepositoryProtocol.swift */; };
		764844862B0D7BFE007DD0C4 /* LoginUseCase.swift in Sources */ = {isa = PBXBuildFile; fileRef = 764844852B0D7BFE007DD0C4 /* LoginUseCase.swift */; };
		764844882B0D7C14007DD0C4 /* LoginUseCaseProtocol.swift in Sources */ = {isa = PBXBuildFile; fileRef = 764844872B0D7C14007DD0C4 /* LoginUseCaseProtocol.swift */; };
		7648448A2B0D7D77007DD0C4 /* IsLoggedUseCase.swift in Sources */ = {isa = PBXBuildFile; fileRef = 764844892B0D7D77007DD0C4 /* IsLoggedUseCase.swift */; };
		7648448C2B0D7D7F007DD0C4 /* IsLoggedUseCaseProtocol.swift in Sources */ = {isa = PBXBuildFile; fileRef = 7648448B2B0D7D7F007DD0C4 /* IsLoggedUseCaseProtocol.swift */; };
		764844902B0D7EBB007DD0C4 /* LoginValidatorUseCase.swift in Sources */ = {isa = PBXBuildFile; fileRef = 7648448F2B0D7EBB007DD0C4 /* LoginValidatorUseCase.swift */; };
		764844932B0D7F1C007DD0C4 /* LoginValidatorUseCaseProtocol.swift in Sources */ = {isa = PBXBuildFile; fileRef = 764844922B0D7F1C007DD0C4 /* LoginValidatorUseCaseProtocol.swift */; };
		764844962B0D9190007DD0C4 /* HeroesViewModel.swift in Sources */ = {isa = PBXBuildFile; fileRef = 764844952B0D9190007DD0C4 /* HeroesViewModel.swift */; };
		764844992B0D91C5007DD0C4 /* HeroesViewState.swift in Sources */ = {isa = PBXBuildFile; fileRef = 764844982B0D91C5007DD0C4 /* HeroesViewState.swift */; };
		7648449B2B0D93E9007DD0C4 /* HeroesViewControllerDelegate.swift in Sources */ = {isa = PBXBuildFile; fileRef = 7648449A2B0D93E9007DD0C4 /* HeroesViewControllerDelegate.swift */; };
		764844A12B0D9731007DD0C4 /* HeroCell.swift in Sources */ = {isa = PBXBuildFile; fileRef = 7648449F2B0D9731007DD0C4 /* HeroCell.swift */; };
		764844A22B0D9731007DD0C4 /* HeroCell.xib in Resources */ = {isa = PBXBuildFile; fileRef = 764844A02B0D9731007DD0C4 /* HeroCell.xib */; };
		764844A42B0D9778007DD0C4 /* ReusableView.swift in Sources */ = {isa = PBXBuildFile; fileRef = 764844A32B0D9778007DD0C4 /* ReusableView.swift */; };
		764844A62B0D9B61007DD0C4 /* HeroCellModel.swift in Sources */ = {isa = PBXBuildFile; fileRef = 764844A52B0D9B61007DD0C4 /* HeroCellModel.swift */; };
		764844A92B0D9BEC007DD0C4 /* Kingfisher in Frameworks */ = {isa = PBXBuildFile; productRef = 764844A82B0D9BEC007DD0C4 /* Kingfisher */; };
		76486BD42B1285EE001FBE49 /* HeroLocationDTO.swift in Sources */ = {isa = PBXBuildFile; fileRef = 76486BD32B1285EE001FBE49 /* HeroLocationDTO.swift */; };
		76486BD82B1289A0001FBE49 /* HeroLocationDTOToDomainMapper.swift in Sources */ = {isa = PBXBuildFile; fileRef = 76486BD72B1289A0001FBE49 /* HeroLocationDTOToDomainMapper.swift */; };
		76486BDA2B1289AF001FBE49 /* HeroLocationDTOToDomainMapperProtocol.swift in Sources */ = {isa = PBXBuildFile; fileRef = 76486BD92B1289AF001FBE49 /* HeroLocationDTOToDomainMapperProtocol.swift */; };
		76486BDC2B128A50001FBE49 /* HeroLocation.swift in Sources */ = {isa = PBXBuildFile; fileRef = 76486BDB2B128A50001FBE49 /* HeroLocation.swift */; };
		76486BDF2B128E01001FBE49 /* GetHeroLocationsUseCase.swift in Sources */ = {isa = PBXBuildFile; fileRef = 76486BDE2B128E01001FBE49 /* GetHeroLocationsUseCase.swift */; };
		76486BE12B128E0C001FBE49 /* GetHeroLocationsUseCaseProtocol.swift in Sources */ = {isa = PBXBuildFile; fileRef = 76486BE02B128E0C001FBE49 /* GetHeroLocationsUseCaseProtocol.swift */; };
		76486BE42B129030001FBE49 /* HeroDetail.storyboard in Resources */ = {isa = PBXBuildFile; fileRef = 76486BE32B129030001FBE49 /* HeroDetail.storyboard */; };
		767A491F2AEE071F00C0D225 /* AppDelegate.swift in Sources */ = {isa = PBXBuildFile; fileRef = 767A491E2AEE071F00C0D225 /* AppDelegate.swift */; };
		767A49212AEE071F00C0D225 /* SceneDelegate.swift in Sources */ = {isa = PBXBuildFile; fileRef = 767A49202AEE071F00C0D225 /* SceneDelegate.swift */; };
		767A49282AEE072000C0D225 /* Assets.xcassets in Resources */ = {isa = PBXBuildFile; fileRef = 767A49272AEE072000C0D225 /* Assets.xcassets */; };
		767A492B2AEE072000C0D225 /* LaunchScreen.storyboard in Resources */ = {isa = PBXBuildFile; fileRef = 767A49292AEE072000C0D225 /* LaunchScreen.storyboard */; };
		767A493A2AEE0AAC00C0D225 /* Splash.storyboard in Resources */ = {isa = PBXBuildFile; fileRef = 767A49392AEE0AAC00C0D225 /* Splash.storyboard */; };
		767A493E2AEE0B7500C0D225 /* SplashViewController.swift in Sources */ = {isa = PBXBuildFile; fileRef = 767A493D2AEE0B7500C0D225 /* SplashViewController.swift */; };
		767A49412AEE0DBB00C0D225 /* SplashViewState.swift in Sources */ = {isa = PBXBuildFile; fileRef = 767A49402AEE0DBB00C0D225 /* SplashViewState.swift */; };
		767A49442AEE0FF700C0D225 /* SplashViewModel.swift in Sources */ = {isa = PBXBuildFile; fileRef = 767A49432AEE0FF700C0D225 /* SplashViewModel.swift */; };
		767A49482AEE127700C0D225 /* UIStoryboard+instantiateViewController.swift in Sources */ = {isa = PBXBuildFile; fileRef = 767A49472AEE127700C0D225 /* UIStoryboard+instantiateViewController.swift */; };
		767A494B2AEE152600C0D225 /* StoryboardIdentifiable.swift in Sources */ = {isa = PBXBuildFile; fileRef = 767A494A2AEE152600C0D225 /* StoryboardIdentifiable.swift */; };
		767A494D2AEE155500C0D225 /* UIViewController+StoryboardIdentifer.swift in Sources */ = {isa = PBXBuildFile; fileRef = 767A494C2AEE155500C0D225 /* UIViewController+StoryboardIdentifer.swift */; };
		767A494F2AEE167D00C0D225 /* UIStoryboard+AppStoryboards.swift in Sources */ = {isa = PBXBuildFile; fileRef = 767A494E2AEE167D00C0D225 /* UIStoryboard+AppStoryboards.swift */; };
		767A49522AEE194700C0D225 /* Login.storyboard in Resources */ = {isa = PBXBuildFile; fileRef = 767A49512AEE194700C0D225 /* Login.storyboard */; };
		767A49562AEE1F9A00C0D225 /* LoginViewController.swift in Sources */ = {isa = PBXBuildFile; fileRef = 767A49552AEE1F9A00C0D225 /* LoginViewController.swift */; };
		767A49592AEE253700C0D225 /* LoginViewState.swift in Sources */ = {isa = PBXBuildFile; fileRef = 767A49582AEE253700C0D225 /* LoginViewState.swift */; };
		767A495C2AEE289200C0D225 /* LoginViewModel.swift in Sources */ = {isa = PBXBuildFile; fileRef = 767A495B2AEE289200C0D225 /* LoginViewModel.swift */; };
		767A49612AEE352800C0D225 /* Heroes.storyboard in Resources */ = {isa = PBXBuildFile; fileRef = 767A49602AEE352800C0D225 /* Heroes.storyboard */; };
		767A49632AEE353300C0D225 /* HeroesViewController.swift in Sources */ = {isa = PBXBuildFile; fileRef = 767A49622AEE353300C0D225 /* HeroesViewController.swift */; };
		767A49672AEEB36900C0D225 /* DragonBallApiDataSource.swift in Sources */ = {isa = PBXBuildFile; fileRef = 767A49662AEEB36900C0D225 /* DragonBallApiDataSource.swift */; };
		767A496A2AEEB39D00C0D225 /* DragonBallEndpoint.swift in Sources */ = {isa = PBXBuildFile; fileRef = 767A49692AEEB39D00C0D225 /* DragonBallEndpoint.swift */; };
		767A496C2AEEB3AF00C0D225 /* NetworkProvider.swift in Sources */ = {isa = PBXBuildFile; fileRef = 767A496B2AEEB3AF00C0D225 /* NetworkProvider.swift */; };
		767A496E2AEEB4BE00C0D225 /* HTTPMethod.swift in Sources */ = {isa = PBXBuildFile; fileRef = 767A496D2AEEB4BE00C0D225 /* HTTPMethod.swift */; };
		767A49702AEEC0C200C0D225 /* ApiError.swift in Sources */ = {isa = PBXBuildFile; fileRef = 767A496F2AEEC0C200C0D225 /* ApiError.swift */; };
		767A49722AEEC55F00C0D225 /* NetworkProviderProtocol.swift in Sources */ = {isa = PBXBuildFile; fileRef = 767A49712AEEC55F00C0D225 /* NetworkProviderProtocol.swift */; };
		767A49752AEEC5F100C0D225 /* DragonBallApiDataSourceProtocol.swift in Sources */ = {isa = PBXBuildFile; fileRef = 767A49742AEEC5F100C0D225 /* DragonBallApiDataSourceProtocol.swift */; };
		767A497A2AEECE7500C0D225 /* KeychainSwift in Frameworks */ = {isa = PBXBuildFile; productRef = 767A49792AEECE7500C0D225 /* KeychainSwift */; };
		767A497E2AEECF0700C0D225 /* SecureLocalDataSource.swift in Sources */ = {isa = PBXBuildFile; fileRef = 767A497D2AEECF0700C0D225 /* SecureLocalDataSource.swift */; };
		767A49802AEED09000C0D225 /* SecureLocalDataSourceProtocol.swift in Sources */ = {isa = PBXBuildFile; fileRef = 767A497F2AEED09000C0D225 /* SecureLocalDataSourceProtocol.swift */; };
		767A49832AEED0A100C0D225 /* SecureLocalType.swift in Sources */ = {isa = PBXBuildFile; fileRef = 767A49822AEED0A100C0D225 /* SecureLocalType.swift */; };
		7697DCC32B92945C0046E63C /* NetworkConstants.swift in Sources */ = {isa = PBXBuildFile; fileRef = 7697DCC22B92945C0046E63C /* NetworkConstants.swift */; };
		7697DCC92B92A8760046E63C /* HeroDetailViewState.swift in Sources */ = {isa = PBXBuildFile; fileRef = 7697DCC82B92A8760046E63C /* HeroDetailViewState.swift */; };
		7697DCCB2B92A88B0046E63C /* HeroDetailViewModel.swift in Sources */ = {isa = PBXBuildFile; fileRef = 7697DCCA2B92A88B0046E63C /* HeroDetailViewModel.swift */; };
		7697DCCE2B92A8960046E63C /* HeroDetailViewController.swift in Sources */ = {isa = PBXBuildFile; fileRef = 7697DCCD2B92A8960046E63C /* HeroDetailViewController.swift */; };
		7697DCD02B92A9E50046E63C /* HeroDetailViewControllerDelegate.swift in Sources */ = {isa = PBXBuildFile; fileRef = 7697DCCF2B92A9E50046E63C /* HeroDetailViewControllerDelegate.swift */; };
		7697DCD22B92B8570046E63C /* LoginViewControllerDelegate.swift in Sources */ = {isa = PBXBuildFile; fileRef = 7697DCD12B92B8570046E63C /* LoginViewControllerDelegate.swift */; };
		76F66B142B941243009B22E3 /* HeroAnnotation.swift in Sources */ = {isa = PBXBuildFile; fileRef = 76F66B132B941243009B22E3 /* HeroAnnotation.swift */; };
		76F66B172B942624009B22E3 /* HeroLocationDAOToDomainMapper.swift in Sources */ = {isa = PBXBuildFile; fileRef = 76F66B162B942624009B22E3 /* HeroLocationDAOToDomainMapper.swift */; };
		76F66B192B942629009B22E3 /* HeroLocationDAOToDomainMapperProtocol.swift in Sources */ = {isa = PBXBuildFile; fileRef = 76F66B182B942629009B22E3 /* HeroLocationDAOToDomainMapperProtocol.swift */; };
		76F66B1C2B942797009B22E3 /* HeroLocationToDAOMapper.swift in Sources */ = {isa = PBXBuildFile; fileRef = 76F66B1B2B942797009B22E3 /* HeroLocationToDAOMapper.swift */; };
		76F66B1E2B94279D009B22E3 /* HeroLocationsToDAOMapperProtocol.swift in Sources */ = {isa = PBXBuildFile; fileRef = 76F66B1D2B94279D009B22E3 /* HeroLocationsToDAOMapperProtocol.swift */; };
		76F6FFCC2B0EEDA900DA3870 /* GetHeroesUseCase.swift in Sources */ = {isa = PBXBuildFile; fileRef = 76F6FFCB2B0EEDA900DA3870 /* GetHeroesUseCase.swift */; };
		76F6FFCE2B0EEDB700DA3870 /* GetHeroesUseCaseProtocol.swift in Sources */ = {isa = PBXBuildFile; fileRef = 76F6FFCD2B0EEDB700DA3870 /* GetHeroesUseCaseProtocol.swift */; };
		76F6FFD12B0EF2BC00DA3870 /* HeroDTO.swift in Sources */ = {isa = PBXBuildFile; fileRef = 76F6FFD02B0EF2BC00DA3870 /* HeroDTO.swift */; };
		76F6FFD52B0EF50B00DA3870 /* Hero.swift in Sources */ = {isa = PBXBuildFile; fileRef = 76F6FFD42B0EF50B00DA3870 /* Hero.swift */; };
		76F6FFD82B0EF60100DA3870 /* HeroDTOToDomainMapper.swift in Sources */ = {isa = PBXBuildFile; fileRef = 76F6FFD72B0EF60100DA3870 /* HeroDTOToDomainMapper.swift */; };
		76F6FFDA2B0EFBE300DA3870 /* HeroDTOToDomainMapperProtocol.swift in Sources */ = {isa = PBXBuildFile; fileRef = 76F6FFD92B0EFBE300DA3870 /* HeroDTOToDomainMapperProtocol.swift */; };
/* End PBXBuildFile section */

/* Begin PBXFileReference section */
		760736322B94F440003B632A /* HeroLocationsToHeroAnnotationsMapper.swift */ = {isa = PBXFileReference; lastKnownFileType = sourcecode.swift; path = HeroLocationsToHeroAnnotationsMapper.swift; sourceTree = "<group>"; };
		760736342B94F4A1003B632A /* HeroLocationsToHeroAnnotationsMapperProtocol.swift */ = {isa = PBXFileReference; lastKnownFileType = sourcecode.swift; path = HeroLocationsToHeroAnnotationsMapperProtocol.swift; sourceTree = "<group>"; };
		760F7C9A2B92C10100DD2C1D /* String+FirstLetterCapitalized.swift */ = {isa = PBXFileReference; lastKnownFileType = sourcecode.swift; path = "String+FirstLetterCapitalized.swift"; sourceTree = "<group>"; };
		763A656F2B1034D4008C0560 /* DragonBallModel.xcdatamodel */ = {isa = PBXFileReference; lastKnownFileType = wrapper.xcdatamodel; path = DragonBallModel.xcdatamodel; sourceTree = "<group>"; };
		763A65712B1034E6008C0560 /* CoreDataStack.swift */ = {isa = PBXFileReference; lastKnownFileType = sourcecode.swift; path = CoreDataStack.swift; sourceTree = "<group>"; };
		763A65732B103745008C0560 /* LocalDatabaseDataSource.swift */ = {isa = PBXFileReference; lastKnownFileType = sourcecode.swift; path = LocalDatabaseDataSource.swift; sourceTree = "<group>"; };
		763A65752B103755008C0560 /* LocalDatabaseDataSourceProtocol.swift */ = {isa = PBXFileReference; lastKnownFileType = sourcecode.swift; path = LocalDatabaseDataSourceProtocol.swift; sourceTree = "<group>"; };
		763A657C2B103CEC008C0560 /* HeroDAOToDomainMapper.swift */ = {isa = PBXFileReference; lastKnownFileType = sourcecode.swift; path = HeroDAOToDomainMapper.swift; sourceTree = "<group>"; };
		763A657F2B103D5B008C0560 /* HeroToDAOMapper.swift */ = {isa = PBXFileReference; lastKnownFileType = sourcecode.swift; path = HeroToDAOMapper.swift; sourceTree = "<group>"; };
		763A65822B103D6C008C0560 /* HeroToDAOMapperProtocol.swift */ = {isa = PBXFileReference; lastKnownFileType = sourcecode.swift; path = HeroToDAOMapperProtocol.swift; sourceTree = "<group>"; };
		763A65842B103E5D008C0560 /* HeroDAOToDomainMapperProtocol.swift */ = {isa = PBXFileReference; lastKnownFileType = sourcecode.swift; path = HeroDAOToDomainMapperProtocol.swift; sourceTree = "<group>"; };
		7648447E2B0D794A007DD0C4 /* DragonBallRepository.swift */ = {isa = PBXFileReference; lastKnownFileType = sourcecode.swift; path = DragonBallRepository.swift; sourceTree = "<group>"; };
		764844802B0D7956007DD0C4 /* DragonBallRepositoryProtocol.swift */ = {isa = PBXFileReference; lastKnownFileType = sourcecode.swift; path = DragonBallRepositoryProtocol.swift; sourceTree = "<group>"; };
		764844852B0D7BFE007DD0C4 /* LoginUseCase.swift */ = {isa = PBXFileReference; lastKnownFileType = sourcecode.swift; path = LoginUseCase.swift; sourceTree = "<group>"; };
		764844872B0D7C14007DD0C4 /* LoginUseCaseProtocol.swift */ = {isa = PBXFileReference; lastKnownFileType = sourcecode.swift; path = LoginUseCaseProtocol.swift; sourceTree = "<group>"; };
		764844892B0D7D77007DD0C4 /* IsLoggedUseCase.swift */ = {isa = PBXFileReference; lastKnownFileType = sourcecode.swift; path = IsLoggedUseCase.swift; sourceTree = "<group>"; };
		7648448B2B0D7D7F007DD0C4 /* IsLoggedUseCaseProtocol.swift */ = {isa = PBXFileReference; lastKnownFileType = sourcecode.swift; path = IsLoggedUseCaseProtocol.swift; sourceTree = "<group>"; };
		7648448F2B0D7EBB007DD0C4 /* LoginValidatorUseCase.swift */ = {isa = PBXFileReference; lastKnownFileType = sourcecode.swift; path = LoginValidatorUseCase.swift; sourceTree = "<group>"; };
		764844922B0D7F1C007DD0C4 /* LoginValidatorUseCaseProtocol.swift */ = {isa = PBXFileReference; lastKnownFileType = sourcecode.swift; path = LoginValidatorUseCaseProtocol.swift; sourceTree = "<group>"; };
		764844952B0D9190007DD0C4 /* HeroesViewModel.swift */ = {isa = PBXFileReference; lastKnownFileType = sourcecode.swift; path = HeroesViewModel.swift; sourceTree = "<group>"; };
		764844982B0D91C5007DD0C4 /* HeroesViewState.swift */ = {isa = PBXFileReference; lastKnownFileType = sourcecode.swift; path = HeroesViewState.swift; sourceTree = "<group>"; };
		7648449A2B0D93E9007DD0C4 /* HeroesViewControllerDelegate.swift */ = {isa = PBXFileReference; lastKnownFileType = sourcecode.swift; path = HeroesViewControllerDelegate.swift; sourceTree = "<group>"; };
		7648449F2B0D9731007DD0C4 /* HeroCell.swift */ = {isa = PBXFileReference; lastKnownFileType = sourcecode.swift; path = HeroCell.swift; sourceTree = "<group>"; };
		764844A02B0D9731007DD0C4 /* HeroCell.xib */ = {isa = PBXFileReference; lastKnownFileType = file.xib; path = HeroCell.xib; sourceTree = "<group>"; };
		764844A32B0D9778007DD0C4 /* ReusableView.swift */ = {isa = PBXFileReference; lastKnownFileType = sourcecode.swift; path = ReusableView.swift; sourceTree = "<group>"; };
		764844A52B0D9B61007DD0C4 /* HeroCellModel.swift */ = {isa = PBXFileReference; lastKnownFileType = sourcecode.swift; path = HeroCellModel.swift; sourceTree = "<group>"; };
		76486BD32B1285EE001FBE49 /* HeroLocationDTO.swift */ = {isa = PBXFileReference; lastKnownFileType = sourcecode.swift; path = HeroLocationDTO.swift; sourceTree = "<group>"; };
		76486BD72B1289A0001FBE49 /* HeroLocationDTOToDomainMapper.swift */ = {isa = PBXFileReference; lastKnownFileType = sourcecode.swift; path = HeroLocationDTOToDomainMapper.swift; sourceTree = "<group>"; };
		76486BD92B1289AF001FBE49 /* HeroLocationDTOToDomainMapperProtocol.swift */ = {isa = PBXFileReference; lastKnownFileType = sourcecode.swift; path = HeroLocationDTOToDomainMapperProtocol.swift; sourceTree = "<group>"; };
		76486BDB2B128A50001FBE49 /* HeroLocation.swift */ = {isa = PBXFileReference; lastKnownFileType = sourcecode.swift; path = HeroLocation.swift; sourceTree = "<group>"; };
		76486BDE2B128E01001FBE49 /* GetHeroLocationsUseCase.swift */ = {isa = PBXFileReference; lastKnownFileType = sourcecode.swift; path = GetHeroLocationsUseCase.swift; sourceTree = "<group>"; };
		76486BE02B128E0C001FBE49 /* GetHeroLocationsUseCaseProtocol.swift */ = {isa = PBXFileReference; lastKnownFileType = sourcecode.swift; path = GetHeroLocationsUseCaseProtocol.swift; sourceTree = "<group>"; };
		76486BE32B129030001FBE49 /* HeroDetail.storyboard */ = {isa = PBXFileReference; lastKnownFileType = file.storyboard; path = HeroDetail.storyboard; sourceTree = "<group>"; };
		767A491B2AEE071F00C0D225 /* DragonBallPractica.app */ = {isa = PBXFileReference; explicitFileType = wrapper.application; includeInIndex = 0; path = DragonBallPractica.app; sourceTree = BUILT_PRODUCTS_DIR; };
		767A491E2AEE071F00C0D225 /* AppDelegate.swift */ = {isa = PBXFileReference; lastKnownFileType = sourcecode.swift; path = AppDelegate.swift; sourceTree = "<group>"; };
		767A49202AEE071F00C0D225 /* SceneDelegate.swift */ = {isa = PBXFileReference; lastKnownFileType = sourcecode.swift; path = SceneDelegate.swift; sourceTree = "<group>"; };
		767A49272AEE072000C0D225 /* Assets.xcassets */ = {isa = PBXFileReference; lastKnownFileType = folder.assetcatalog; path = Assets.xcassets; sourceTree = "<group>"; };
		767A492A2AEE072000C0D225 /* Base */ = {isa = PBXFileReference; lastKnownFileType = file.storyboard; name = Base; path = Base.lproj/LaunchScreen.storyboard; sourceTree = "<group>"; };
		767A492C2AEE072000C0D225 /* Info.plist */ = {isa = PBXFileReference; lastKnownFileType = text.plist.xml; path = Info.plist; sourceTree = "<group>"; };
		767A49392AEE0AAC00C0D225 /* Splash.storyboard */ = {isa = PBXFileReference; lastKnownFileType = file.storyboard; path = Splash.storyboard; sourceTree = "<group>"; };
		767A493D2AEE0B7500C0D225 /* SplashViewController.swift */ = {isa = PBXFileReference; lastKnownFileType = sourcecode.swift; path = SplashViewController.swift; sourceTree = "<group>"; };
		767A49402AEE0DBB00C0D225 /* SplashViewState.swift */ = {isa = PBXFileReference; lastKnownFileType = sourcecode.swift; path = SplashViewState.swift; sourceTree = "<group>"; };
		767A49432AEE0FF700C0D225 /* SplashViewModel.swift */ = {isa = PBXFileReference; lastKnownFileType = sourcecode.swift; path = SplashViewModel.swift; sourceTree = "<group>"; };
		767A49472AEE127700C0D225 /* UIStoryboard+instantiateViewController.swift */ = {isa = PBXFileReference; lastKnownFileType = sourcecode.swift; path = "UIStoryboard+instantiateViewController.swift"; sourceTree = "<group>"; };
		767A494A2AEE152600C0D225 /* StoryboardIdentifiable.swift */ = {isa = PBXFileReference; lastKnownFileType = sourcecode.swift; path = StoryboardIdentifiable.swift; sourceTree = "<group>"; };
		767A494C2AEE155500C0D225 /* UIViewController+StoryboardIdentifer.swift */ = {isa = PBXFileReference; lastKnownFileType = sourcecode.swift; path = "UIViewController+StoryboardIdentifer.swift"; sourceTree = "<group>"; };
		767A494E2AEE167D00C0D225 /* UIStoryboard+AppStoryboards.swift */ = {isa = PBXFileReference; lastKnownFileType = sourcecode.swift; path = "UIStoryboard+AppStoryboards.swift"; sourceTree = "<group>"; };
		767A49512AEE194700C0D225 /* Login.storyboard */ = {isa = PBXFileReference; lastKnownFileType = file.storyboard; path = Login.storyboard; sourceTree = "<group>"; };
		767A49552AEE1F9A00C0D225 /* LoginViewController.swift */ = {isa = PBXFileReference; lastKnownFileType = sourcecode.swift; path = LoginViewController.swift; sourceTree = "<group>"; };
		767A49582AEE253700C0D225 /* LoginViewState.swift */ = {isa = PBXFileReference; lastKnownFileType = sourcecode.swift; path = LoginViewState.swift; sourceTree = "<group>"; };
		767A495B2AEE289200C0D225 /* LoginViewModel.swift */ = {isa = PBXFileReference; lastKnownFileType = sourcecode.swift; path = LoginViewModel.swift; sourceTree = "<group>"; };
		767A49602AEE352800C0D225 /* Heroes.storyboard */ = {isa = PBXFileReference; lastKnownFileType = file.storyboard; path = Heroes.storyboard; sourceTree = "<group>"; };
		767A49622AEE353300C0D225 /* HeroesViewController.swift */ = {isa = PBXFileReference; lastKnownFileType = sourcecode.swift; path = HeroesViewController.swift; sourceTree = "<group>"; };
		767A49662AEEB36900C0D225 /* DragonBallApiDataSource.swift */ = {isa = PBXFileReference; lastKnownFileType = sourcecode.swift; path = DragonBallApiDataSource.swift; sourceTree = "<group>"; };
		767A49692AEEB39D00C0D225 /* DragonBallEndpoint.swift */ = {isa = PBXFileReference; lastKnownFileType = sourcecode.swift; path = DragonBallEndpoint.swift; sourceTree = "<group>"; };
		767A496B2AEEB3AF00C0D225 /* NetworkProvider.swift */ = {isa = PBXFileReference; lastKnownFileType = sourcecode.swift; path = NetworkProvider.swift; sourceTree = "<group>"; };
		767A496D2AEEB4BE00C0D225 /* HTTPMethod.swift */ = {isa = PBXFileReference; lastKnownFileType = sourcecode.swift; path = HTTPMethod.swift; sourceTree = "<group>"; };
		767A496F2AEEC0C200C0D225 /* ApiError.swift */ = {isa = PBXFileReference; lastKnownFileType = sourcecode.swift; path = ApiError.swift; sourceTree = "<group>"; };
		767A49712AEEC55F00C0D225 /* NetworkProviderProtocol.swift */ = {isa = PBXFileReference; lastKnownFileType = sourcecode.swift; path = NetworkProviderProtocol.swift; sourceTree = "<group>"; };
		767A49742AEEC5F100C0D225 /* DragonBallApiDataSourceProtocol.swift */ = {isa = PBXFileReference; lastKnownFileType = sourcecode.swift; path = DragonBallApiDataSourceProtocol.swift; sourceTree = "<group>"; };
		767A497D2AEECF0700C0D225 /* SecureLocalDataSource.swift */ = {isa = PBXFileReference; lastKnownFileType = sourcecode.swift; path = SecureLocalDataSource.swift; sourceTree = "<group>"; };
		767A497F2AEED09000C0D225 /* SecureLocalDataSourceProtocol.swift */ = {isa = PBXFileReference; lastKnownFileType = sourcecode.swift; path = SecureLocalDataSourceProtocol.swift; sourceTree = "<group>"; };
		767A49822AEED0A100C0D225 /* SecureLocalType.swift */ = {isa = PBXFileReference; lastKnownFileType = sourcecode.swift; path = SecureLocalType.swift; sourceTree = "<group>"; };
		7697DCC22B92945C0046E63C /* NetworkConstants.swift */ = {isa = PBXFileReference; lastKnownFileType = sourcecode.swift; path = NetworkConstants.swift; sourceTree = "<group>"; };
		7697DCC82B92A8760046E63C /* HeroDetailViewState.swift */ = {isa = PBXFileReference; lastKnownFileType = sourcecode.swift; path = HeroDetailViewState.swift; sourceTree = "<group>"; };
		7697DCCA2B92A88B0046E63C /* HeroDetailViewModel.swift */ = {isa = PBXFileReference; lastKnownFileType = sourcecode.swift; path = HeroDetailViewModel.swift; sourceTree = "<group>"; };
		7697DCCD2B92A8960046E63C /* HeroDetailViewController.swift */ = {isa = PBXFileReference; lastKnownFileType = sourcecode.swift; path = HeroDetailViewController.swift; sourceTree = "<group>"; };
		7697DCCF2B92A9E50046E63C /* HeroDetailViewControllerDelegate.swift */ = {isa = PBXFileReference; lastKnownFileType = sourcecode.swift; path = HeroDetailViewControllerDelegate.swift; sourceTree = "<group>"; };
		7697DCD12B92B8570046E63C /* LoginViewControllerDelegate.swift */ = {isa = PBXFileReference; lastKnownFileType = sourcecode.swift; path = LoginViewControllerDelegate.swift; sourceTree = "<group>"; };
		76F66B132B941243009B22E3 /* HeroAnnotation.swift */ = {isa = PBXFileReference; lastKnownFileType = sourcecode.swift; path = HeroAnnotation.swift; sourceTree = "<group>"; };
		76F66B162B942624009B22E3 /* HeroLocationDAOToDomainMapper.swift */ = {isa = PBXFileReference; lastKnownFileType = sourcecode.swift; path = HeroLocationDAOToDomainMapper.swift; sourceTree = "<group>"; };
		76F66B182B942629009B22E3 /* HeroLocationDAOToDomainMapperProtocol.swift */ = {isa = PBXFileReference; lastKnownFileType = sourcecode.swift; path = HeroLocationDAOToDomainMapperProtocol.swift; sourceTree = "<group>"; };
		76F66B1B2B942797009B22E3 /* HeroLocationToDAOMapper.swift */ = {isa = PBXFileReference; lastKnownFileType = sourcecode.swift; path = HeroLocationToDAOMapper.swift; sourceTree = "<group>"; };
		76F66B1D2B94279D009B22E3 /* HeroLocationsToDAOMapperProtocol.swift */ = {isa = PBXFileReference; lastKnownFileType = sourcecode.swift; path = HeroLocationsToDAOMapperProtocol.swift; sourceTree = "<group>"; };
		76F6FFCB2B0EEDA900DA3870 /* GetHeroesUseCase.swift */ = {isa = PBXFileReference; lastKnownFileType = sourcecode.swift; path = GetHeroesUseCase.swift; sourceTree = "<group>"; };
		76F6FFCD2B0EEDB700DA3870 /* GetHeroesUseCaseProtocol.swift */ = {isa = PBXFileReference; lastKnownFileType = sourcecode.swift; path = GetHeroesUseCaseProtocol.swift; sourceTree = "<group>"; };
		76F6FFD02B0EF2BC00DA3870 /* HeroDTO.swift */ = {isa = PBXFileReference; lastKnownFileType = sourcecode.swift; path = HeroDTO.swift; sourceTree = "<group>"; };
		76F6FFD42B0EF50B00DA3870 /* Hero.swift */ = {isa = PBXFileReference; lastKnownFileType = sourcecode.swift; path = Hero.swift; sourceTree = "<group>"; };
		76F6FFD72B0EF60100DA3870 /* HeroDTOToDomainMapper.swift */ = {isa = PBXFileReference; lastKnownFileType = sourcecode.swift; path = HeroDTOToDomainMapper.swift; sourceTree = "<group>"; };
		76F6FFD92B0EFBE300DA3870 /* HeroDTOToDomainMapperProtocol.swift */ = {isa = PBXFileReference; lastKnownFileType = sourcecode.swift; path = HeroDTOToDomainMapperProtocol.swift; sourceTree = "<group>"; };
/* End PBXFileReference section */

/* Begin PBXFrameworksBuildPhase section */
		767A49182AEE071F00C0D225 /* Frameworks */ = {
			isa = PBXFrameworksBuildPhase;
			buildActionMask = 2147483647;
			files = (
				764844A92B0D9BEC007DD0C4 /* Kingfisher in Frameworks */,
				767A497A2AEECE7500C0D225 /* KeychainSwift in Frameworks */,
			);
			runOnlyForDeploymentPostprocessing = 0;
		};
/* End PBXFrameworksBuildPhase section */

/* Begin PBXGroup section */
		760736312B94F427003B632A /* Mappers */ = {
			isa = PBXGroup;
			children = (
				760736322B94F440003B632A /* HeroLocationsToHeroAnnotationsMapper.swift */,
				760736342B94F4A1003B632A /* HeroLocationsToHeroAnnotationsMapperProtocol.swift */,
			);
			path = Mappers;
			sourceTree = "<group>";
		};
		763A656D2B1033E9008C0560 /* DatabaseLocalDataSource */ = {
			isa = PBXGroup;
			children = (
				763A65772B10375E008C0560 /* CoreData */,
				763A657B2B103CD7008C0560 /* Mappers */,
				763A65732B103745008C0560 /* LocalDatabaseDataSource.swift */,
				763A65752B103755008C0560 /* LocalDatabaseDataSourceProtocol.swift */,
			);
			path = DatabaseLocalDataSource;
			sourceTree = "<group>";
		};
		763A65772B10375E008C0560 /* CoreData */ = {
			isa = PBXGroup;
			children = (
				763A656E2B1034D4008C0560 /* DragonBallModel.xcdatamodeld */,
				763A65712B1034E6008C0560 /* CoreDataStack.swift */,
			);
			path = CoreData;
			sourceTree = "<group>";
		};
		763A657B2B103CD7008C0560 /* Mappers */ = {
			isa = PBXGroup;
			children = (
				76F66B1A2B942777009B22E3 /* HeroLocationToDAOMapper */,
				76F66B152B942607009B22E3 /* HeroLocationDAOToDomainMapper */,
				763A65812B103D60008C0560 /* HeroToDAOMapper */,
				763A657E2B103CF2008C0560 /* HeroDAOToDomainMapper */,
			);
			path = Mappers;
			sourceTree = "<group>";
		};
		763A657E2B103CF2008C0560 /* HeroDAOToDomainMapper */ = {
			isa = PBXGroup;
			children = (
				763A657C2B103CEC008C0560 /* HeroDAOToDomainMapper.swift */,
				763A65842B103E5D008C0560 /* HeroDAOToDomainMapperProtocol.swift */,
			);
			path = HeroDAOToDomainMapper;
			sourceTree = "<group>";
		};
		763A65812B103D60008C0560 /* HeroToDAOMapper */ = {
			isa = PBXGroup;
			children = (
				763A657F2B103D5B008C0560 /* HeroToDAOMapper.swift */,
				763A65822B103D6C008C0560 /* HeroToDAOMapperProtocol.swift */,
			);
			path = HeroToDAOMapper;
			sourceTree = "<group>";
		};
		7648447D2B0D78FB007DD0C4 /* Repository */ = {
			isa = PBXGroup;
			children = (
				7648447E2B0D794A007DD0C4 /* DragonBallRepository.swift */,
				764844802B0D7956007DD0C4 /* DragonBallRepositoryProtocol.swift */,
			);
			path = Repository;
			sourceTree = "<group>";
		};
		764844822B0D7BD8007DD0C4 /* Domain */ = {
			isa = PBXGroup;
			children = (
				76F6FFD32B0EF50500DA3870 /* Models */,
				764844832B0D7BE3007DD0C4 /* UseCases */,
			);
			path = Domain;
			sourceTree = "<group>";
		};
		764844832B0D7BE3007DD0C4 /* UseCases */ = {
			isa = PBXGroup;
			children = (
				76486BDD2B128DF3001FBE49 /* GetHeroLocationsUseCase */,
				76F6FFCA2B0EED9F00DA3870 /* GetHeroesUseCase */,
				764844912B0D7F09007DD0C4 /* LoginValidatorUseCase */,
				7648448D2B0D7D88007DD0C4 /* LoginUseCase */,
				7648448E2B0D7D9E007DD0C4 /* IsLoggedUseCase */,
			);
			path = UseCases;
			sourceTree = "<group>";
		};
		7648448D2B0D7D88007DD0C4 /* LoginUseCase */ = {
			isa = PBXGroup;
			children = (
				764844852B0D7BFE007DD0C4 /* LoginUseCase.swift */,
				764844872B0D7C14007DD0C4 /* LoginUseCaseProtocol.swift */,
			);
			path = LoginUseCase;
			sourceTree = "<group>";
		};
		7648448E2B0D7D9E007DD0C4 /* IsLoggedUseCase */ = {
			isa = PBXGroup;
			children = (
				764844892B0D7D77007DD0C4 /* IsLoggedUseCase.swift */,
				7648448B2B0D7D7F007DD0C4 /* IsLoggedUseCaseProtocol.swift */,
			);
			path = IsLoggedUseCase;
			sourceTree = "<group>";
		};
		764844912B0D7F09007DD0C4 /* LoginValidatorUseCase */ = {
			isa = PBXGroup;
			children = (
				7648448F2B0D7EBB007DD0C4 /* LoginValidatorUseCase.swift */,
				764844922B0D7F1C007DD0C4 /* LoginValidatorUseCaseProtocol.swift */,
			);
			path = LoginValidatorUseCase;
			sourceTree = "<group>";
		};
		764844942B0D918A007DD0C4 /* ViewModel */ = {
			isa = PBXGroup;
			children = (
				764844952B0D9190007DD0C4 /* HeroesViewModel.swift */,
			);
			path = ViewModel;
			sourceTree = "<group>";
		};
		764844972B0D91BB007DD0C4 /* Models */ = {
			isa = PBXGroup;
			children = (
				764844982B0D91C5007DD0C4 /* HeroesViewState.swift */,
				764844A52B0D9B61007DD0C4 /* HeroCellModel.swift */,
			);
			path = Models;
			sourceTree = "<group>";
		};
		7648449C2B0D96EF007DD0C4 /* Cells */ = {
			isa = PBXGroup;
			children = (
				7648449F2B0D9731007DD0C4 /* HeroCell.swift */,
				764844A02B0D9731007DD0C4 /* HeroCell.xib */,
			);
			path = Cells;
			sourceTree = "<group>";
		};
		76486BD22B127E88001FBE49 /* HeroDetail */ = {
			isa = PBXGroup;
			children = (
				760736312B94F427003B632A /* Mappers */,
				7697DCC72B92A8680046E63C /* Models */,
				7697DCC62B92A85E0046E63C /* ViewModel */,
				7697DCC52B92A8590046E63C /* Controller */,
				76486BE22B129025001FBE49 /* View */,
			);
			path = HeroDetail;
			sourceTree = "<group>";
		};
		76486BD52B128981001FBE49 /* HeroDTOToDomainMapper */ = {
			isa = PBXGroup;
			children = (
				76F6FFD72B0EF60100DA3870 /* HeroDTOToDomainMapper.swift */,
				76F6FFD92B0EFBE300DA3870 /* HeroDTOToDomainMapperProtocol.swift */,
			);
			path = HeroDTOToDomainMapper;
			sourceTree = "<group>";
		};
		76486BD62B12898A001FBE49 /* HeroLocationDTOToDomainMapper */ = {
			isa = PBXGroup;
			children = (
				76486BD72B1289A0001FBE49 /* HeroLocationDTOToDomainMapper.swift */,
				76486BD92B1289AF001FBE49 /* HeroLocationDTOToDomainMapperProtocol.swift */,
			);
			path = HeroLocationDTOToDomainMapper;
			sourceTree = "<group>";
		};
		76486BDD2B128DF3001FBE49 /* GetHeroLocationsUseCase */ = {
			isa = PBXGroup;
			children = (
				76486BDE2B128E01001FBE49 /* GetHeroLocationsUseCase.swift */,
				76486BE02B128E0C001FBE49 /* GetHeroLocationsUseCaseProtocol.swift */,
			);
			path = GetHeroLocationsUseCase;
			sourceTree = "<group>";
		};
		76486BE22B129025001FBE49 /* View */ = {
			isa = PBXGroup;
			children = (
				76486BE32B129030001FBE49 /* HeroDetail.storyboard */,
			);
			path = View;
			sourceTree = "<group>";
		};
		767A49122AEE071F00C0D225 = {
			isa = PBXGroup;
			children = (
				767A491D2AEE071F00C0D225 /* DragonBallPractica */,
				767A491C2AEE071F00C0D225 /* Products */,
			);
			sourceTree = "<group>";
		};
		767A491C2AEE071F00C0D225 /* Products */ = {
			isa = PBXGroup;
			children = (
				767A491B2AEE071F00C0D225 /* DragonBallPractica.app */,
			);
			name = Products;
			sourceTree = "<group>";
		};
		767A491D2AEE071F00C0D225 /* DragonBallPractica */ = {
			isa = PBXGroup;
			children = (
				767A492C2AEE072000C0D225 /* Info.plist */,
				767A49322AEE089D00C0D225 /* App */,
				767A49332AEE08A900C0D225 /* Resources */,
				767A49452AEE125600C0D225 /* Commons */,
				767A49642AEEB34B00C0D225 /* Data */,
				764844822B0D7BD8007DD0C4 /* Domain */,
				767A49342AEE08B200C0D225 /* Presentation */,
			);
			path = DragonBallPractica;
			sourceTree = "<group>";
		};
		767A49322AEE089D00C0D225 /* App */ = {
			isa = PBXGroup;
			children = (
				767A491E2AEE071F00C0D225 /* AppDelegate.swift */,
				767A49202AEE071F00C0D225 /* SceneDelegate.swift */,
			);
			path = App;
			sourceTree = "<group>";
		};
		767A49332AEE08A900C0D225 /* Resources */ = {
			isa = PBXGroup;
			children = (
				767A49272AEE072000C0D225 /* Assets.xcassets */,
			);
			path = Resources;
			sourceTree = "<group>";
		};
		767A49342AEE08B200C0D225 /* Presentation */ = {
			isa = PBXGroup;
			children = (
				767A49362AEE08E200C0D225 /* Splash */,
				767A49502AEE193600C0D225 /* Login */,
				767A495D2AEE34FD00C0D225 /* Heroes */,
				76486BD22B127E88001FBE49 /* HeroDetail */,
			);
			path = Presentation;
			sourceTree = "<group>";
		};
		767A49362AEE08E200C0D225 /* Splash */ = {
			isa = PBXGroup;
			children = (
				767A493F2AEE0C8900C0D225 /* Models */,
				767A49422AEE0FE000C0D225 /* ViewModel */,
				767A49382AEE0A9B00C0D225 /* Controller */,
				767A49372AEE08EF00C0D225 /* View */,
			);
			path = Splash;
			sourceTree = "<group>";
		};
		767A49372AEE08EF00C0D225 /* View */ = {
			isa = PBXGroup;
			children = (
				767A49292AEE072000C0D225 /* LaunchScreen.storyboard */,
				767A49392AEE0AAC00C0D225 /* Splash.storyboard */,
			);
			path = View;
			sourceTree = "<group>";
		};
		767A49382AEE0A9B00C0D225 /* Controller */ = {
			isa = PBXGroup;
			children = (
				767A493D2AEE0B7500C0D225 /* SplashViewController.swift */,
			);
			path = Controller;
			sourceTree = "<group>";
		};
		767A493F2AEE0C8900C0D225 /* Models */ = {
			isa = PBXGroup;
			children = (
				767A49402AEE0DBB00C0D225 /* SplashViewState.swift */,
			);
			path = Models;
			sourceTree = "<group>";
		};
		767A49422AEE0FE000C0D225 /* ViewModel */ = {
			isa = PBXGroup;
			children = (
				767A49432AEE0FF700C0D225 /* SplashViewModel.swift */,
			);
			path = ViewModel;
			sourceTree = "<group>";
		};
		767A49452AEE125600C0D225 /* Commons */ = {
			isa = PBXGroup;
			children = (
				767A49492AEE151A00C0D225 /* Protocol */,
				767A49462AEE126200C0D225 /* Extensions */,
			);
			path = Commons;
			sourceTree = "<group>";
		};
		767A49462AEE126200C0D225 /* Extensions */ = {
			isa = PBXGroup;
			children = (
				767A49472AEE127700C0D225 /* UIStoryboard+instantiateViewController.swift */,
				767A494C2AEE155500C0D225 /* UIViewController+StoryboardIdentifer.swift */,
				767A494E2AEE167D00C0D225 /* UIStoryboard+AppStoryboards.swift */,
				764844A32B0D9778007DD0C4 /* ReusableView.swift */,
				760F7C9A2B92C10100DD2C1D /* String+FirstLetterCapitalized.swift */,
			);
			path = Extensions;
			sourceTree = "<group>";
		};
		767A49492AEE151A00C0D225 /* Protocol */ = {
			isa = PBXGroup;
			children = (
				767A494A2AEE152600C0D225 /* StoryboardIdentifiable.swift */,
			);
			path = Protocol;
			sourceTree = "<group>";
		};
		767A49502AEE193600C0D225 /* Login */ = {
			isa = PBXGroup;
			children = (
				767A49572AEE252C00C0D225 /* Models */,
				767A495A2AEE288700C0D225 /* ViewModel */,
				767A49542AEE1F8E00C0D225 /* Controller */,
				767A49532AEE1F8600C0D225 /* View */,
			);
			path = Login;
			sourceTree = "<group>";
		};
		767A49532AEE1F8600C0D225 /* View */ = {
			isa = PBXGroup;
			children = (
				767A49512AEE194700C0D225 /* Login.storyboard */,
			);
			path = View;
			sourceTree = "<group>";
		};
		767A49542AEE1F8E00C0D225 /* Controller */ = {
			isa = PBXGroup;
			children = (
				767A49552AEE1F9A00C0D225 /* LoginViewController.swift */,
				7697DCD12B92B8570046E63C /* LoginViewControllerDelegate.swift */,
			);
			path = Controller;
			sourceTree = "<group>";
		};
		767A49572AEE252C00C0D225 /* Models */ = {
			isa = PBXGroup;
			children = (
				767A49582AEE253700C0D225 /* LoginViewState.swift */,
			);
			path = Models;
			sourceTree = "<group>";
		};
		767A495A2AEE288700C0D225 /* ViewModel */ = {
			isa = PBXGroup;
			children = (
				767A495B2AEE289200C0D225 /* LoginViewModel.swift */,
			);
			path = ViewModel;
			sourceTree = "<group>";
		};
		767A495D2AEE34FD00C0D225 /* Heroes */ = {
			isa = PBXGroup;
			children = (
				764844972B0D91BB007DD0C4 /* Models */,
				764844942B0D918A007DD0C4 /* ViewModel */,
				767A495F2AEE351A00C0D225 /* Controller */,
				767A495E2AEE351600C0D225 /* View */,
			);
			path = Heroes;
			sourceTree = "<group>";
		};
		767A495E2AEE351600C0D225 /* View */ = {
			isa = PBXGroup;
			children = (
				7648449C2B0D96EF007DD0C4 /* Cells */,
				767A49602AEE352800C0D225 /* Heroes.storyboard */,
			);
			path = View;
			sourceTree = "<group>";
		};
		767A495F2AEE351A00C0D225 /* Controller */ = {
			isa = PBXGroup;
			children = (
				767A49622AEE353300C0D225 /* HeroesViewController.swift */,
				7648449A2B0D93E9007DD0C4 /* HeroesViewControllerDelegate.swift */,
			);
			path = Controller;
			sourceTree = "<group>";
		};
		767A49642AEEB34B00C0D225 /* Data */ = {
			isa = PBXGroup;
			children = (
				7648447D2B0D78FB007DD0C4 /* Repository */,
				76F6FFD62B0EF58200DA3870 /* DataSources */,
			);
			path = Data;
			sourceTree = "<group>";
		};
		767A49652AEEB35400C0D225 /* Api */ = {
			isa = PBXGroup;
			children = (
				767A49772AEEC69000C0D225 /* Models */,
				76F6FFD22B0EF3F900DA3870 /* Mappers */,
				767A49682AEEB38B00C0D225 /* NetworkProvider */,
				767A49732AEEC58900C0D225 /* Endpoint */,
				7697DCC42B92962D0046E63C /* DataSource */,
			);
			path = Api;
			sourceTree = "<group>";
		};
		767A49682AEEB38B00C0D225 /* NetworkProvider */ = {
			isa = PBXGroup;
			children = (
				767A496B2AEEB3AF00C0D225 /* NetworkProvider.swift */,
				767A49712AEEC55F00C0D225 /* NetworkProviderProtocol.swift */,
				7697DCC22B92945C0046E63C /* NetworkConstants.swift */,
			);
			path = NetworkProvider;
			sourceTree = "<group>";
		};
		767A49732AEEC58900C0D225 /* Endpoint */ = {
			isa = PBXGroup;
			children = (
				767A49692AEEB39D00C0D225 /* DragonBallEndpoint.swift */,
			);
			path = Endpoint;
			sourceTree = "<group>";
		};
		767A49772AEEC69000C0D225 /* Models */ = {
			isa = PBXGroup;
			children = (
				76F6FFCF2B0EEE8A00DA3870 /* DTO */,
				767A496D2AEEB4BE00C0D225 /* HTTPMethod.swift */,
				767A496F2AEEC0C200C0D225 /* ApiError.swift */,
			);
			path = Models;
			sourceTree = "<group>";
		};
		767A497B2AEECEBD00C0D225 /* SecureLocalDataSource */ = {
			isa = PBXGroup;
			children = (
				767A49812AEED09700C0D225 /* Models */,
				767A497D2AEECF0700C0D225 /* SecureLocalDataSource.swift */,
				767A497F2AEED09000C0D225 /* SecureLocalDataSourceProtocol.swift */,
			);
			path = SecureLocalDataSource;
			sourceTree = "<group>";
		};
		767A497C2AEECECB00C0D225 /* Local */ = {
			isa = PBXGroup;
			children = (
				763A656D2B1033E9008C0560 /* DatabaseLocalDataSource */,
				767A497B2AEECEBD00C0D225 /* SecureLocalDataSource */,
			);
			path = Local;
			sourceTree = "<group>";
		};
		767A49812AEED09700C0D225 /* Models */ = {
			isa = PBXGroup;
			children = (
				767A49822AEED0A100C0D225 /* SecureLocalType.swift */,
			);
			path = Models;
			sourceTree = "<group>";
		};
		7697DCC42B92962D0046E63C /* DataSource */ = {
			isa = PBXGroup;
			children = (
				767A49662AEEB36900C0D225 /* DragonBallApiDataSource.swift */,
				767A49742AEEC5F100C0D225 /* DragonBallApiDataSourceProtocol.swift */,
			);
			path = DataSource;
			sourceTree = "<group>";
		};
		7697DCC52B92A8590046E63C /* Controller */ = {
			isa = PBXGroup;
			children = (
				7697DCCD2B92A8960046E63C /* HeroDetailViewController.swift */,
				7697DCCF2B92A9E50046E63C /* HeroDetailViewControllerDelegate.swift */,
			);
			path = Controller;
			sourceTree = "<group>";
		};
		7697DCC62B92A85E0046E63C /* ViewModel */ = {
			isa = PBXGroup;
			children = (
				7697DCCA2B92A88B0046E63C /* HeroDetailViewModel.swift */,
			);
			path = ViewModel;
			sourceTree = "<group>";
		};
		7697DCC72B92A8680046E63C /* Models */ = {
			isa = PBXGroup;
			children = (
				7697DCC82B92A8760046E63C /* HeroDetailViewState.swift */,
				76F66B132B941243009B22E3 /* HeroAnnotation.swift */,
			);
			path = Models;
			sourceTree = "<group>";
		};
		76F66B152B942607009B22E3 /* HeroLocationDAOToDomainMapper */ = {
			isa = PBXGroup;
			children = (
				76F66B162B942624009B22E3 /* HeroLocationDAOToDomainMapper.swift */,
				76F66B182B942629009B22E3 /* HeroLocationDAOToDomainMapperProtocol.swift */,
			);
			path = HeroLocationDAOToDomainMapper;
			sourceTree = "<group>";
		};
		76F66B1A2B942777009B22E3 /* HeroLocationToDAOMapper */ = {
			isa = PBXGroup;
			children = (
				76F66B1B2B942797009B22E3 /* HeroLocationToDAOMapper.swift */,
				76F66B1D2B94279D009B22E3 /* HeroLocationsToDAOMapperProtocol.swift */,
			);
			path = HeroLocationToDAOMapper;
			sourceTree = "<group>";
		};
		76F6FFCA2B0EED9F00DA3870 /* GetHeroesUseCase */ = {
			isa = PBXGroup;
			children = (
				76F6FFCB2B0EEDA900DA3870 /* GetHeroesUseCase.swift */,
				76F6FFCD2B0EEDB700DA3870 /* GetHeroesUseCaseProtocol.swift */,
			);
			path = GetHeroesUseCase;
			sourceTree = "<group>";
		};
		76F6FFCF2B0EEE8A00DA3870 /* DTO */ = {
			isa = PBXGroup;
			children = (
				76F6FFD02B0EF2BC00DA3870 /* HeroDTO.swift */,
				76486BD32B1285EE001FBE49 /* HeroLocationDTO.swift */,
			);
			path = DTO;
			sourceTree = "<group>";
		};
		76F6FFD22B0EF3F900DA3870 /* Mappers */ = {
			isa = PBXGroup;
			children = (
				76486BD62B12898A001FBE49 /* HeroLocationDTOToDomainMapper */,
				76486BD52B128981001FBE49 /* HeroDTOToDomainMapper */,
			);
			path = Mappers;
			sourceTree = "<group>";
		};
		76F6FFD32B0EF50500DA3870 /* Models */ = {
			isa = PBXGroup;
			children = (
				76F6FFD42B0EF50B00DA3870 /* Hero.swift */,
				76486BDB2B128A50001FBE49 /* HeroLocation.swift */,
			);
			path = Models;
			sourceTree = "<group>";
		};
		76F6FFD62B0EF58200DA3870 /* DataSources */ = {
			isa = PBXGroup;
			children = (
				767A497C2AEECECB00C0D225 /* Local */,
				767A49652AEEB35400C0D225 /* Api */,
			);
			path = DataSources;
			sourceTree = "<group>";
		};
/* End PBXGroup section */

/* Begin PBXNativeTarget section */
		767A491A2AEE071F00C0D225 /* DragonBallPractica */ = {
			isa = PBXNativeTarget;
			buildConfigurationList = 767A492F2AEE072000C0D225 /* Build configuration list for PBXNativeTarget "DragonBallPractica" */;
			buildPhases = (
				767A49172AEE071F00C0D225 /* Sources */,
				767A49182AEE071F00C0D225 /* Frameworks */,
				767A49192AEE071F00C0D225 /* Resources */,
			);
			buildRules = (
			);
			dependencies = (
			);
			name = DragonBallPractica;
			packageProductDependencies = (
				767A49792AEECE7500C0D225 /* KeychainSwift */,
				764844A82B0D9BEC007DD0C4 /* Kingfisher */,
			);
			productName = DragonBallPractica;
			productReference = 767A491B2AEE071F00C0D225 /* DragonBallPractica.app */;
			productType = "com.apple.product-type.application";
		};
/* End PBXNativeTarget section */

/* Begin PBXProject section */
		767A49132AEE071F00C0D225 /* Project object */ = {
			isa = PBXProject;
			attributes = {
				BuildIndependentTargetsInParallel = 1;
				LastSwiftUpdateCheck = 1430;
				LastUpgradeCheck = 1430;
				TargetAttributes = {
					767A491A2AEE071F00C0D225 = {
						CreatedOnToolsVersion = 14.3.1;
					};
				};
			};
			buildConfigurationList = 767A49162AEE071F00C0D225 /* Build configuration list for PBXProject "DragonBallPractica" */;
			compatibilityVersion = "Xcode 14.0";
			developmentRegion = en;
			hasScannedForEncodings = 0;
			knownRegions = (
				en,
				Base,
			);
			mainGroup = 767A49122AEE071F00C0D225;
			packageReferences = (
				767A49782AEECE7500C0D225 /* XCRemoteSwiftPackageReference "keychain-swift" */,
				764844A72B0D9BEC007DD0C4 /* XCRemoteSwiftPackageReference "Kingfisher" */,
			);
			productRefGroup = 767A491C2AEE071F00C0D225 /* Products */;
			projectDirPath = "";
			projectRoot = "";
			targets = (
				767A491A2AEE071F00C0D225 /* DragonBallPractica */,
			);
		};
/* End PBXProject section */

/* Begin PBXResourcesBuildPhase section */
		767A49192AEE071F00C0D225 /* Resources */ = {
			isa = PBXResourcesBuildPhase;
			buildActionMask = 2147483647;
			files = (
				767A49522AEE194700C0D225 /* Login.storyboard in Resources */,
				764844A22B0D9731007DD0C4 /* HeroCell.xib in Resources */,
				767A492B2AEE072000C0D225 /* LaunchScreen.storyboard in Resources */,
				76486BE42B129030001FBE49 /* HeroDetail.storyboard in Resources */,
				767A49282AEE072000C0D225 /* Assets.xcassets in Resources */,
				767A49612AEE352800C0D225 /* Heroes.storyboard in Resources */,
				767A493A2AEE0AAC00C0D225 /* Splash.storyboard in Resources */,
			);
			runOnlyForDeploymentPostprocessing = 0;
		};
/* End PBXResourcesBuildPhase section */

/* Begin PBXSourcesBuildPhase section */
		767A49172AEE071F00C0D225 /* Sources */ = {
			isa = PBXSourcesBuildPhase;
			buildActionMask = 2147483647;
			files = (
				763A65722B1034E6008C0560 /* CoreDataStack.swift in Sources */,
				763A65852B103E5D008C0560 /* HeroDAOToDomainMapperProtocol.swift in Sources */,
				767A494D2AEE155500C0D225 /* UIViewController+StoryboardIdentifer.swift in Sources */,
				763A65802B103D5B008C0560 /* HeroToDAOMapper.swift in Sources */,
				767A494B2AEE152600C0D225 /* StoryboardIdentifiable.swift in Sources */,
				76486BDF2B128E01001FBE49 /* GetHeroLocationsUseCase.swift in Sources */,
				763A657D2B103CEC008C0560 /* HeroDAOToDomainMapper.swift in Sources */,
				76F66B1C2B942797009B22E3 /* HeroLocationToDAOMapper.swift in Sources */,
				763A65702B1034D4008C0560 /* DragonBallModel.xcdatamodeld in Sources */,
				7697DCD02B92A9E50046E63C /* HeroDetailViewControllerDelegate.swift in Sources */,
				764844962B0D9190007DD0C4 /* HeroesViewModel.swift in Sources */,
				7697DCCB2B92A88B0046E63C /* HeroDetailViewModel.swift in Sources */,
				76F66B172B942624009B22E3 /* HeroLocationDAOToDomainMapper.swift in Sources */,
				7648449B2B0D93E9007DD0C4 /* HeroesViewControllerDelegate.swift in Sources */,
				767A49442AEE0FF700C0D225 /* SplashViewModel.swift in Sources */,
				764844A12B0D9731007DD0C4 /* HeroCell.swift in Sources */,
				76486BE12B128E0C001FBE49 /* GetHeroLocationsUseCaseProtocol.swift in Sources */,
				76486BD82B1289A0001FBE49 /* HeroLocationDTOToDomainMapper.swift in Sources */,
				767A49802AEED09000C0D225 /* SecureLocalDataSourceProtocol.swift in Sources */,
				767A493E2AEE0B7500C0D225 /* SplashViewController.swift in Sources */,
				760F7C9B2B92C10100DD2C1D /* String+FirstLetterCapitalized.swift in Sources */,
				767A49832AEED0A100C0D225 /* SecureLocalType.swift in Sources */,
				767A496A2AEEB39D00C0D225 /* DragonBallEndpoint.swift in Sources */,
				763A65762B103755008C0560 /* LocalDatabaseDataSourceProtocol.swift in Sources */,
				767A49702AEEC0C200C0D225 /* ApiError.swift in Sources */,
				764844902B0D7EBB007DD0C4 /* LoginValidatorUseCase.swift in Sources */,
				764844812B0D7956007DD0C4 /* DragonBallRepositoryProtocol.swift in Sources */,
				7697DCC32B92945C0046E63C /* NetworkConstants.swift in Sources */,
				76F6FFD82B0EF60100DA3870 /* HeroDTOToDomainMapper.swift in Sources */,
				767A491F2AEE071F00C0D225 /* AppDelegate.swift in Sources */,
				767A49672AEEB36900C0D225 /* DragonBallApiDataSource.swift in Sources */,
				7648448A2B0D7D77007DD0C4 /* IsLoggedUseCase.swift in Sources */,
				760736332B94F440003B632A /* HeroLocationsToHeroAnnotationsMapper.swift in Sources */,
				76F6FFDA2B0EFBE300DA3870 /* HeroDTOToDomainMapperProtocol.swift in Sources */,
				764844862B0D7BFE007DD0C4 /* LoginUseCase.swift in Sources */,
				76F66B192B942629009B22E3 /* HeroLocationDAOToDomainMapperProtocol.swift in Sources */,
				767A49212AEE071F00C0D225 /* SceneDelegate.swift in Sources */,
				7697DCC92B92A8760046E63C /* HeroDetailViewState.swift in Sources */,
				7697DCD22B92B8570046E63C /* LoginViewControllerDelegate.swift in Sources */,
				7648447F2B0D794A007DD0C4 /* DragonBallRepository.swift in Sources */,
				767A49752AEEC5F100C0D225 /* DragonBallApiDataSourceProtocol.swift in Sources */,
				767A494F2AEE167D00C0D225 /* UIStoryboard+AppStoryboards.swift in Sources */,
				764844932B0D7F1C007DD0C4 /* LoginValidatorUseCaseProtocol.swift in Sources */,
				76F6FFCC2B0EEDA900DA3870 /* GetHeroesUseCase.swift in Sources */,
				767A49592AEE253700C0D225 /* LoginViewState.swift in Sources */,
				767A496C2AEEB3AF00C0D225 /* NetworkProvider.swift in Sources */,
				767A495C2AEE289200C0D225 /* LoginViewModel.swift in Sources */,
				76486BDC2B128A50001FBE49 /* HeroLocation.swift in Sources */,
				76486BDA2B1289AF001FBE49 /* HeroLocationDTOToDomainMapperProtocol.swift in Sources */,
				763A65742B103745008C0560 /* LocalDatabaseDataSource.swift in Sources */,
				7697DCCE2B92A8960046E63C /* HeroDetailViewController.swift in Sources */,
				767A49722AEEC55F00C0D225 /* NetworkProviderProtocol.swift in Sources */,
				76F66B1E2B94279D009B22E3 /* HeroLocationsToDAOMapperProtocol.swift in Sources */,
				763A65832B103D6C008C0560 /* HeroToDAOMapperProtocol.swift in Sources */,
				76F6FFD52B0EF50B00DA3870 /* Hero.swift in Sources */,
				767A496E2AEEB4BE00C0D225 /* HTTPMethod.swift in Sources */,
				76F6FFCE2B0EEDB700DA3870 /* GetHeroesUseCaseProtocol.swift in Sources */,
				76F6FFD12B0EF2BC00DA3870 /* HeroDTO.swift in Sources */,
				764844A62B0D9B61007DD0C4 /* HeroCellModel.swift in Sources */,
				764844A42B0D9778007DD0C4 /* ReusableView.swift in Sources */,
				767A49482AEE127700C0D225 /* UIStoryboard+instantiateViewController.swift in Sources */,
				764844992B0D91C5007DD0C4 /* HeroesViewState.swift in Sources */,
				767A49562AEE1F9A00C0D225 /* LoginViewController.swift in Sources */,
				767A497E2AEECF0700C0D225 /* SecureLocalDataSource.swift in Sources */,
				7648448C2B0D7D7F007DD0C4 /* IsLoggedUseCaseProtocol.swift in Sources */,
				76486BD42B1285EE001FBE49 /* HeroLocationDTO.swift in Sources */,
				760736352B94F4A1003B632A /* HeroLocationsToHeroAnnotationsMapperProtocol.swift in Sources */,
				767A49632AEE353300C0D225 /* HeroesViewController.swift in Sources */,
				767A49412AEE0DBB00C0D225 /* SplashViewState.swift in Sources */,
				76F66B142B941243009B22E3 /* HeroAnnotation.swift in Sources */,
				764844882B0D7C14007DD0C4 /* LoginUseCaseProtocol.swift in Sources */,
			);
			runOnlyForDeploymentPostprocessing = 0;
		};
/* End PBXSourcesBuildPhase section */

/* Begin PBXVariantGroup section */
		767A49292AEE072000C0D225 /* LaunchScreen.storyboard */ = {
			isa = PBXVariantGroup;
			children = (
				767A492A2AEE072000C0D225 /* Base */,
			);
			name = LaunchScreen.storyboard;
			sourceTree = "<group>";
		};
/* End PBXVariantGroup section */

/* Begin XCBuildConfiguration section */
		767A492D2AEE072000C0D225 /* Debug */ = {
			isa = XCBuildConfiguration;
			buildSettings = {
				ALWAYS_SEARCH_USER_PATHS = NO;
				CLANG_ANALYZER_NONNULL = YES;
				CLANG_ANALYZER_NUMBER_OBJECT_CONVERSION = YES_AGGRESSIVE;
				CLANG_CXX_LANGUAGE_STANDARD = "gnu++20";
				CLANG_ENABLE_MODULES = YES;
				CLANG_ENABLE_OBJC_ARC = YES;
				CLANG_ENABLE_OBJC_WEAK = YES;
				CLANG_WARN_BLOCK_CAPTURE_AUTORELEASING = YES;
				CLANG_WARN_BOOL_CONVERSION = YES;
				CLANG_WARN_COMMA = YES;
				CLANG_WARN_CONSTANT_CONVERSION = YES;
				CLANG_WARN_DEPRECATED_OBJC_IMPLEMENTATIONS = YES;
				CLANG_WARN_DIRECT_OBJC_ISA_USAGE = YES_ERROR;
				CLANG_WARN_DOCUMENTATION_COMMENTS = YES;
				CLANG_WARN_EMPTY_BODY = YES;
				CLANG_WARN_ENUM_CONVERSION = YES;
				CLANG_WARN_INFINITE_RECURSION = YES;
				CLANG_WARN_INT_CONVERSION = YES;
				CLANG_WARN_NON_LITERAL_NULL_CONVERSION = YES;
				CLANG_WARN_OBJC_IMPLICIT_RETAIN_SELF = YES;
				CLANG_WARN_OBJC_LITERAL_CONVERSION = YES;
				CLANG_WARN_OBJC_ROOT_CLASS = YES_ERROR;
				CLANG_WARN_QUOTED_INCLUDE_IN_FRAMEWORK_HEADER = YES;
				CLANG_WARN_RANGE_LOOP_ANALYSIS = YES;
				CLANG_WARN_STRICT_PROTOTYPES = YES;
				CLANG_WARN_SUSPICIOUS_MOVE = YES;
				CLANG_WARN_UNGUARDED_AVAILABILITY = YES_AGGRESSIVE;
				CLANG_WARN_UNREACHABLE_CODE = YES;
				CLANG_WARN__DUPLICATE_METHOD_MATCH = YES;
				COPY_PHASE_STRIP = NO;
				DEBUG_INFORMATION_FORMAT = dwarf;
				ENABLE_STRICT_OBJC_MSGSEND = YES;
				ENABLE_TESTABILITY = YES;
				GCC_C_LANGUAGE_STANDARD = gnu11;
				GCC_DYNAMIC_NO_PIC = NO;
				GCC_NO_COMMON_BLOCKS = YES;
				GCC_OPTIMIZATION_LEVEL = 0;
				GCC_PREPROCESSOR_DEFINITIONS = (
					"DEBUG=1",
					"$(inherited)",
				);
				GCC_WARN_64_TO_32_BIT_CONVERSION = YES;
				GCC_WARN_ABOUT_RETURN_TYPE = YES_ERROR;
				GCC_WARN_UNDECLARED_SELECTOR = YES;
				GCC_WARN_UNINITIALIZED_AUTOS = YES_AGGRESSIVE;
				GCC_WARN_UNUSED_FUNCTION = YES;
				GCC_WARN_UNUSED_VARIABLE = YES;
				IPHONEOS_DEPLOYMENT_TARGET = 16.4;
				MTL_ENABLE_DEBUG_INFO = INCLUDE_SOURCE;
				MTL_FAST_MATH = YES;
				ONLY_ACTIVE_ARCH = YES;
				SDKROOT = iphoneos;
				SWIFT_ACTIVE_COMPILATION_CONDITIONS = DEBUG;
				SWIFT_OPTIMIZATION_LEVEL = "-Onone";
			};
			name = Debug;
		};
		767A492E2AEE072000C0D225 /* Release */ = {
			isa = XCBuildConfiguration;
			buildSettings = {
				ALWAYS_SEARCH_USER_PATHS = NO;
				CLANG_ANALYZER_NONNULL = YES;
				CLANG_ANALYZER_NUMBER_OBJECT_CONVERSION = YES_AGGRESSIVE;
				CLANG_CXX_LANGUAGE_STANDARD = "gnu++20";
				CLANG_ENABLE_MODULES = YES;
				CLANG_ENABLE_OBJC_ARC = YES;
				CLANG_ENABLE_OBJC_WEAK = YES;
				CLANG_WARN_BLOCK_CAPTURE_AUTORELEASING = YES;
				CLANG_WARN_BOOL_CONVERSION = YES;
				CLANG_WARN_COMMA = YES;
				CLANG_WARN_CONSTANT_CONVERSION = YES;
				CLANG_WARN_DEPRECATED_OBJC_IMPLEMENTATIONS = YES;
				CLANG_WARN_DIRECT_OBJC_ISA_USAGE = YES_ERROR;
				CLANG_WARN_DOCUMENTATION_COMMENTS = YES;
				CLANG_WARN_EMPTY_BODY = YES;
				CLANG_WARN_ENUM_CONVERSION = YES;
				CLANG_WARN_INFINITE_RECURSION = YES;
				CLANG_WARN_INT_CONVERSION = YES;
				CLANG_WARN_NON_LITERAL_NULL_CONVERSION = YES;
				CLANG_WARN_OBJC_IMPLICIT_RETAIN_SELF = YES;
				CLANG_WARN_OBJC_LITERAL_CONVERSION = YES;
				CLANG_WARN_OBJC_ROOT_CLASS = YES_ERROR;
				CLANG_WARN_QUOTED_INCLUDE_IN_FRAMEWORK_HEADER = YES;
				CLANG_WARN_RANGE_LOOP_ANALYSIS = YES;
				CLANG_WARN_STRICT_PROTOTYPES = YES;
				CLANG_WARN_SUSPICIOUS_MOVE = YES;
				CLANG_WARN_UNGUARDED_AVAILABILITY = YES_AGGRESSIVE;
				CLANG_WARN_UNREACHABLE_CODE = YES;
				CLANG_WARN__DUPLICATE_METHOD_MATCH = YES;
				COPY_PHASE_STRIP = NO;
				DEBUG_INFORMATION_FORMAT = "dwarf-with-dsym";
				ENABLE_NS_ASSERTIONS = NO;
				ENABLE_STRICT_OBJC_MSGSEND = YES;
				GCC_C_LANGUAGE_STANDARD = gnu11;
				GCC_NO_COMMON_BLOCKS = YES;
				GCC_WARN_64_TO_32_BIT_CONVERSION = YES;
				GCC_WARN_ABOUT_RETURN_TYPE = YES_ERROR;
				GCC_WARN_UNDECLARED_SELECTOR = YES;
				GCC_WARN_UNINITIALIZED_AUTOS = YES_AGGRESSIVE;
				GCC_WARN_UNUSED_FUNCTION = YES;
				GCC_WARN_UNUSED_VARIABLE = YES;
				IPHONEOS_DEPLOYMENT_TARGET = 16.4;
				MTL_ENABLE_DEBUG_INFO = NO;
				MTL_FAST_MATH = YES;
				SDKROOT = iphoneos;
				SWIFT_COMPILATION_MODE = wholemodule;
				SWIFT_OPTIMIZATION_LEVEL = "-O";
				VALIDATE_PRODUCT = YES;
			};
			name = Release;
		};
		767A49302AEE072000C0D225 /* Debug */ = {
			isa = XCBuildConfiguration;
			buildSettings = {
				ASSETCATALOG_COMPILER_APPICON_NAME = AppIcon;
				ASSETCATALOG_COMPILER_GLOBAL_ACCENT_COLOR_NAME = AccentColor;
				CODE_SIGN_STYLE = Automatic;
				CURRENT_PROJECT_VERSION = 1;
				GENERATE_INFOPLIST_FILE = YES;
				INFOPLIST_FILE = DragonBallPractica/Info.plist;
				INFOPLIST_KEY_UIApplicationSupportsIndirectInputEvents = YES;
				INFOPLIST_KEY_UILaunchStoryboardName = LaunchScreen;
				INFOPLIST_KEY_UISupportedInterfaceOrientations_iPad = "UIInterfaceOrientationPortrait UIInterfaceOrientationPortraitUpsideDown UIInterfaceOrientationLandscapeLeft UIInterfaceOrientationLandscapeRight";
				INFOPLIST_KEY_UISupportedInterfaceOrientations_iPhone = "UIInterfaceOrientationPortrait UIInterfaceOrientationLandscapeLeft UIInterfaceOrientationLandscapeRight";
				LD_RUNPATH_SEARCH_PATHS = (
					"$(inherited)",
					"@executable_path/Frameworks",
				);
				MARKETING_VERSION = 1.0;
				PRODUCT_BUNDLE_IDENTIFIER = com.lhl.practica.DragonBallPractica;
				PRODUCT_NAME = "$(TARGET_NAME)";
				SWIFT_EMIT_LOC_STRINGS = YES;
				SWIFT_VERSION = 5.0;
				TARGETED_DEVICE_FAMILY = "1,2";
			};
			name = Debug;
		};
		767A49312AEE072000C0D225 /* Release */ = {
			isa = XCBuildConfiguration;
			buildSettings = {
				ASSETCATALOG_COMPILER_APPICON_NAME = AppIcon;
				ASSETCATALOG_COMPILER_GLOBAL_ACCENT_COLOR_NAME = AccentColor;
				CODE_SIGN_STYLE = Automatic;
				CURRENT_PROJECT_VERSION = 1;
				GENERATE_INFOPLIST_FILE = YES;
				INFOPLIST_FILE = DragonBallPractica/Info.plist;
				INFOPLIST_KEY_UIApplicationSupportsIndirectInputEvents = YES;
				INFOPLIST_KEY_UILaunchStoryboardName = LaunchScreen;
				INFOPLIST_KEY_UISupportedInterfaceOrientations_iPad = "UIInterfaceOrientationPortrait UIInterfaceOrientationPortraitUpsideDown UIInterfaceOrientationLandscapeLeft UIInterfaceOrientationLandscapeRight";
				INFOPLIST_KEY_UISupportedInterfaceOrientations_iPhone = "UIInterfaceOrientationPortrait UIInterfaceOrientationLandscapeLeft UIInterfaceOrientationLandscapeRight";
				LD_RUNPATH_SEARCH_PATHS = (
					"$(inherited)",
					"@executable_path/Frameworks",
				);
				MARKETING_VERSION = 1.0;
				PRODUCT_BUNDLE_IDENTIFIER = com.lhl.practica.DragonBallPractica;
				PRODUCT_NAME = "$(TARGET_NAME)";
				SWIFT_EMIT_LOC_STRINGS = YES;
				SWIFT_VERSION = 5.0;
				TARGETED_DEVICE_FAMILY = "1,2";
			};
			name = Release;
		};
/* End XCBuildConfiguration section */

/* Begin XCConfigurationList section */
		767A49162AEE071F00C0D225 /* Build configuration list for PBXProject "DragonBallPractica" */ = {
			isa = XCConfigurationList;
			buildConfigurations = (
				767A492D2AEE072000C0D225 /* Debug */,
				767A492E2AEE072000C0D225 /* Release */,
			);
			defaultConfigurationIsVisible = 0;
			defaultConfigurationName = Release;
		};
		767A492F2AEE072000C0D225 /* Build configuration list for PBXNativeTarget "DragonBallPractica" */ = {
			isa = XCConfigurationList;
			buildConfigurations = (
				767A49302AEE072000C0D225 /* Debug */,
				767A49312AEE072000C0D225 /* Release */,
			);
			defaultConfigurationIsVisible = 0;
			defaultConfigurationName = Release;
		};
/* End XCConfigurationList section */

/* Begin XCRemoteSwiftPackageReference section */
		764844A72B0D9BEC007DD0C4 /* XCRemoteSwiftPackageReference "Kingfisher" */ = {
			isa = XCRemoteSwiftPackageReference;
			repositoryURL = "https://github.com/onevcat/Kingfisher";
			requirement = {
				kind = upToNextMajorVersion;
				minimumVersion = 7.10.0;
			};
		};
		767A49782AEECE7500C0D225 /* XCRemoteSwiftPackageReference "keychain-swift" */ = {
			isa = XCRemoteSwiftPackageReference;
			repositoryURL = "https://github.com/evgenyneu/keychain-swift";
			requirement = {
				kind = upToNextMajorVersion;
				minimumVersion = 20.0.0;
			};
		};
/* End XCRemoteSwiftPackageReference section */

/* Begin XCSwiftPackageProductDependency section */
		764844A82B0D9BEC007DD0C4 /* Kingfisher */ = {
			isa = XCSwiftPackageProductDependency;
			package = 764844A72B0D9BEC007DD0C4 /* XCRemoteSwiftPackageReference "Kingfisher" */;
			productName = Kingfisher;
		};
		767A49792AEECE7500C0D225 /* KeychainSwift */ = {
			isa = XCSwiftPackageProductDependency;
			package = 767A49782AEECE7500C0D225 /* XCRemoteSwiftPackageReference "keychain-swift" */;
			productName = KeychainSwift;
		};
/* End XCSwiftPackageProductDependency section */

/* Begin XCVersionGroup section */
		763A656E2B1034D4008C0560 /* DragonBallModel.xcdatamodeld */ = {
			isa = XCVersionGroup;
			children = (
				763A656F2B1034D4008C0560 /* DragonBallModel.xcdatamodel */,
			);
			currentVersion = 763A656F2B1034D4008C0560 /* DragonBallModel.xcdatamodel */;
			path = DragonBallModel.xcdatamodeld;
			sourceTree = "<group>";
			versionGroupType = wrapper.xcdatamodel;
		};
/* End XCVersionGroup section */
	};
	rootObject = 767A49132AEE071F00C0D225 /* Project object */;
}
